
Microsoft Visual Studio Solution File, Format Version 12.00
# Visual Studio Version 16
VisualStudioVersion = 16.0.30204.135
MinimumVisualStudioVersion = 10.0.40219.1
Project("{FAE04EC0-301F-11D3-BF4B-00C04F79EFBC}") = "BankingTests", "BankingTests\BankingTests.csproj", "{CAADBAF4-A8ED-4BDF-A8B6-4F4BDF834AD4}"
EndProject
Project("{FAE04EC0-301F-11D3-BF4B-00C04F79EFBC}") = "BankingDomain", "BankingDomain\BankingDomain.csproj", "{458A87BD-99BE-4FB6-B005-B69929C549A6}"
EndProject
Global
	GlobalSection(SolutionConfigurationPlatforms) = preSolution
		Debug|Any CPU = Debug|Any CPU
		Release|Any CPU = Release|Any CPU
	EndGlobalSection
	GlobalSection(ProjectConfigurationPlatforms) = postSolution
		{CAADBAF4-A8ED-4BDF-A8B6-4F4BDF834AD4}.Debug|Any CPU.ActiveCfg = Debug|Any CPU
		{CAADBAF4-A8ED-4BDF-A8B6-4F4BDF834AD4}.Debug|Any CPU.Build.0 = Debug|Any CPU
		{CAADBAF4-A8ED-4BDF-A8B6-4F4BDF834AD4}.Release|Any CPU.ActiveCfg = Release|Any CPU
		{CAADBAF4-A8ED-4BDF-A8B6-4F4BDF834AD4}.Release|Any CPU.Build.0 = Release|Any CPU
		{458A87BD-99BE-4FB6-B005-B69929C549A6}.Debug|Any CPU.ActiveCfg = Debug|Any CPU
		{458A87BD-99BE-4FB6-B005-B69929C549A6}.Debug|Any CPU.Build.0 = Debug|Any CPU
		{458A87BD-99BE-4FB6-B005-B69929C549A6}.Release|Any CPU.ActiveCfg = Release|Any CPU
		{458A87BD-99BE-4FB6-B005-B69929C549A6}.Release|Any CPU.Build.0 = Release|Any CPU
	EndGlobalSection
	GlobalSection(SolutionProperties) = preSolution
		HideSolutionNode = FALSE
	EndGlobalSection
	GlobalSection(ExtensibilityGlobals) = postSolution
		SolutionGuid = {ACFE8745-C2AD-48D5-8D31-E9971D9B1845}
	EndGlobalSection
EndGlobal
